
Microsoft Visual Studio Solution File, Format Version 12.00
# Visual Studio Version 16
VisualStudioVersion = 16.0.29025.244
MinimumVisualStudioVersion = 10.0.40219.1
Project("{FAE04EC0-301F-11D3-BF4B-00C04F79EFBC}") = "FacePost", "FacePost.csproj", "{010B8238-3F53-40E5-9F30-AC72A7453342}"
EndProject
Global
	GlobalSection(SolutionConfigurationPlatforms) = preSolution
		Debug|Any CPU = Debug|Any CPU
		Release|Any CPU = Release|Any CPU
	EndGlobalSection
	GlobalSection(ProjectConfigurationPlatforms) = postSolution
		{010B8238-3F53-40E5-9F30-AC72A7453342}.Debug|Any CPU.ActiveCfg = Debug|Any CPU
		{010B8238-3F53-40E5-9F30-AC72A7453342}.Debug|Any CPU.Build.0 = Debug|Any CPU
		{010B8238-3F53-40E5-9F30-AC72A7453342}.Debug|Any CPU.Deploy.0 = Debug|Any CPU
		{010B8238-3F53-40E5-9F30-AC72A7453342}.Release|Any CPU.ActiveCfg = Release|Any CPU
		{010B8238-3F53-40E5-9F30-AC72A7453342}.Release|Any CPU.Build.0 = Release|Any CPU
		{010B8238-3F53-40E5-9F30-AC72A7453342}.Release|Any CPU.Deploy.0 = Release|Any CPU
	EndGlobalSection
	GlobalSection(SolutionProperties) = preSolution
		HideSolutionNode = FALSE
	EndGlobalSection
	GlobalSection(ExtensibilityGlobals) = postSolution
		SolutionGuid = {AB2DC617-BD76-4F78-B31D-DFF9DAFDB20A}
	EndGlobalSection
EndGlobal
